
Microsoft Visual Studio Solution File, Format Version 12.00
# Visual Studio Version 17
VisualStudioVersion = 17.8.34511.84
MinimumVisualStudioVersion = 10.0.40219.1
Project("{FAE04EC0-301F-11D3-BF4B-00C04F79EFBC}") = "18.04.24_c#_lab", "18.04.24_c#_lab.csproj", "{8385A077-9984-4159-AAE5-39F12961B673}"
EndProject
Global
	GlobalSection(SolutionConfigurationPlatforms) = preSolution
		Debug|Any CPU = Debug|Any CPU
		Release|Any CPU = Release|Any CPU
	EndGlobalSection
	GlobalSection(ProjectConfigurationPlatforms) = postSolution
		{8385A077-9984-4159-AAE5-39F12961B673}.Debug|Any CPU.ActiveCfg = Debug|Any CPU
		{8385A077-9984-4159-AAE5-39F12961B673}.Debug|Any CPU.Build.0 = Debug|Any CPU
		{8385A077-9984-4159-AAE5-39F12961B673}.Release|Any CPU.ActiveCfg = Release|Any CPU
		{8385A077-9984-4159-AAE5-39F12961B673}.Release|Any CPU.Build.0 = Release|Any CPU
	EndGlobalSection
	GlobalSection(SolutionProperties) = preSolution
		HideSolutionNode = FALSE
	EndGlobalSection
	GlobalSection(ExtensibilityGlobals) = postSolution
		SolutionGuid = {4E397867-42FE-4A97-BCAD-3EE88ED6D562}
	EndGlobalSection
EndGlobal
